{
  "nodes": {
    "darwin": {
      "inputs": {
        "nixpkgs": [
          "nixpkgs-unstable"
        ]
      },
      "locked": {
        "lastModified": 1664210064,
        "narHash": "sha256-df6nKVZe/yAhmJ9csirTPahc0dldwm3HBhCVNA6qWr0=",
        "owner": "lnl7",
        "repo": "nix-darwin",
        "rev": "02d2551c927b7d65ded1b3c7cd13da5cc7ae3fcf",
        "type": "github"
      },
      "original": {
        "owner": "lnl7",
        "repo": "nix-darwin",
        "type": "github"
      }
    },
    "flake-utils": {
      "locked": {
        "lastModified": 1659877975,
        "narHash": "sha256-zllb8aq3YO3h8B/U0/J1WBgAL8EX5yWf5pMj3G0NAmc=",
        "owner": "numtide",
        "repo": "flake-utils",
        "rev": "c0e246b9b83f637f4681389ecabcb2681b4f3af0",
        "type": "github"
      },
      "original": {
        "owner": "numtide",
        "repo": "flake-utils",
        "type": "github"
      }
    },
    "flake-utils_2": {
      "locked": {
        "lastModified": 1656928814,
        "narHash": "sha256-RIFfgBuKz6Hp89yRr7+NR5tzIAbn52h8vT6vXkYjZoM=",
        "owner": "numtide",
        "repo": "flake-utils",
        "rev": "7e2a3b3dfd9af950a856d66b0a7d01e3c18aa249",
        "type": "github"
      },
      "original": {
        "owner": "numtide",
        "repo": "flake-utils",
        "type": "github"
      }
    },
    "home-manager": {
      "inputs": {
        "nixpkgs": [
          "nixpkgs-unstable"
        ],
        "utils": "utils"
      },
      "locked": {
        "lastModified": 1664783440,
        "narHash": "sha256-KlMwR7mUf5h8MPnzV7nGFUAt6ih/euW5xgvZ5x+hwvI=",
        "owner": "nix-community",
        "repo": "home-manager",
        "rev": "e4e639dd4dc3e431aa5b5f95325f9a66ac7e0dd9",
        "type": "github"
      },
      "original": {
        "owner": "nix-community",
        "repo": "home-manager",
        "type": "github"
      }
    },
    "ironhide": {
      "inputs": {
        "flake-utils": "flake-utils",
        "nixpkgs": "nixpkgs",
        "rust-overlay": "rust-overlay"
      },
      "locked": {
        "lastModified": 1665511937,
        "narHash": "sha256-C4JtycToixE/I2mWac0++61sAvKlle6fpxEz3Gtfxnw=",
        "ref": "main",
        "rev": "951fa13bf9d97ae8cf4ee29f12c292c2fccb0b4b",
        "revCount": 105,
        "type": "git",
        "url": "ssh://git@github.com/IronCoreLabs/ironhide-rs"
      },
      "original": {
        "ref": "main",
        "type": "git",
        "url": "ssh://git@github.com/IronCoreLabs/ironhide-rs"
      }
    },
    "nixpkgs": {
      "locked": {
        "lastModified": 1665081174,
        "narHash": "sha256-6hsmzdhdy8Kbvl5e0xZNE83pW3fKQvNiobJkM6KQrgA=",
        "owner": "nixos",
        "repo": "nixpkgs",
        "rev": "598f83ebeb2235435189cf84d844b8b73e858e0f",
        "type": "github"
      },
      "original": {
        "owner": "nixos",
        "ref": "nixos-unstable",
        "repo": "nixpkgs",
        "type": "github"
      }
    },
    "nixpkgs-stable": {
      "locked": {
        "lastModified": 1664158485,
        "narHash": "sha256-OJjPilaj2R0yAwjg4O96iJLWKoW2+TeLlDpk0yF73xE=",
        "owner": "nixos",
        "repo": "nixpkgs",
        "rev": "058d97782ed561787a6b2186854d29c94fd4fc0c",
        "type": "github"
      },
      "original": {
        "owner": "nixos",
        "ref": "nixpkgs-22.05-darwin",
        "repo": "nixpkgs",
        "type": "github"
      }
    },
    "nixpkgs-unstable": {
      "locked": {
        "lastModified": 1664847737,
        "narHash": "sha256-Wxl0CtRH3Vo8+qEZ/PbCcx+9D8wEEi56tJPmROum2ss=",
        "owner": "nixos",
        "repo": "nixpkgs",
        "rev": "de80d1d04ee691279e1302a1128c082bbda3ab01",
        "type": "github"
      },
      "original": {
        "owner": "nixos",
        "ref": "nixpkgs-unstable",
        "repo": "nixpkgs",
        "type": "github"
      }
    },
    "nixpkgs_2": {
      "locked": {
        "lastModified": 1659102345,
        "narHash": "sha256-Vbzlz254EMZvn28BhpN8JOi5EuKqnHZ3ujFYgFcSGvk=",
        "owner": "NixOS",
        "repo": "nixpkgs",
        "rev": "11b60e4f80d87794a2a4a8a256391b37c59a1ea7",
        "type": "github"
      },
      "original": {
        "owner": "NixOS",
        "ref": "nixpkgs-unstable",
        "repo": "nixpkgs",
        "type": "github"
      }
    },
    "nixpkgs_3": {
      "locked": {
        "lastModified": 1664921692,
        "narHash": "sha256-MZApYzOfLjvclt0B5PjMs4Y0wo1k/gaEywQxXdWeb3w=",
        "owner": "nixos",
        "repo": "nixpkgs",
        "rev": "458a388a616d6ce1f263daee60fa2e60a994d7cc",
        "type": "github"
      },
      "original": {
        "owner": "nixos",
        "ref": "master",
        "repo": "nixpkgs",
        "type": "github"
      }
    },
    "root": {
      "inputs": {
        "darwin": "darwin",
        "home-manager": "home-manager",
        "ironhide": "ironhide",
        "nixpkgs": "nixpkgs_3",
        "nixpkgs-stable": "nixpkgs-stable",
        "nixpkgs-unstable": "nixpkgs-unstable"
      }
    },
    "rust-overlay": {
      "inputs": {
        "flake-utils": "flake-utils_2",
        "nixpkgs": "nixpkgs_2"
      },
      "locked": {
        "lastModified": 1665284400,
        "narHash": "sha256-t+HKmYgXPfOduswQGtXDUVHqcAyOw/WUUUEMN/m4LKU=",
        "owner": "oxalica",
        "repo": "rust-overlay",
        "rev": "440a5c8ba3d025a8e3f787ebd7e7b8091964e064",
        "type": "github"
      },
      "original": {
        "owner": "oxalica",
        "repo": "rust-overlay",
        "type": "github"
      }
    },
    "utils": {
      "locked": {
        "lastModified": 1659877975,
        "narHash": "sha256-zllb8aq3YO3h8B/U0/J1WBgAL8EX5yWf5pMj3G0NAmc=",
        "owner": "numtide",
        "repo": "flake-utils",
        "rev": "c0e246b9b83f637f4681389ecabcb2681b4f3af0",
        "type": "github"
      },
      "original": {
        "owner": "numtide",
        "repo": "flake-utils",
        "type": "github"
      }
    }
  },
  "root": "root",
  "version": 7
}
